
Microsoft Visual Studio Solution File, Format Version 12.00
# Visual Studio 15
VisualStudioVersion = 15.0.28307.106
MinimumVisualStudioVersion = 10.0.40219.1
Project("{FAE04EC0-301F-11D3-BF4B-00C04F79EFBC}") = "VkNetExtend.MessageLongPoll", "VkNetExtend.MessageLongPoll\VkNetExtend.MessageLongPoll.csproj", "{A43C533F-AC92-437F-B9C2-C75DCD055233}"
EndProject
Project("{FAE04EC0-301F-11D3-BF4B-00C04F79EFBC}") = "VkNetExtend.WallWatcher", "VkNetExtend.WallWatcher\VkNetExtend.WallWatcher.csproj", "{17107785-5F17-4C2E-9CAE-4408D5F8EABC}"
EndProject
Global
	GlobalSection(SolutionConfigurationPlatforms) = preSolution
		Debug|Any CPU = Debug|Any CPU
		Release|Any CPU = Release|Any CPU
	EndGlobalSection
	GlobalSection(ProjectConfigurationPlatforms) = postSolution
		{A43C533F-AC92-437F-B9C2-C75DCD055233}.Debug|Any CPU.ActiveCfg = Debug|Any CPU
		{A43C533F-AC92-437F-B9C2-C75DCD055233}.Debug|Any CPU.Build.0 = Debug|Any CPU
		{A43C533F-AC92-437F-B9C2-C75DCD055233}.Release|Any CPU.ActiveCfg = Release|Any CPU
		{A43C533F-AC92-437F-B9C2-C75DCD055233}.Release|Any CPU.Build.0 = Release|Any CPU
		{17107785-5F17-4C2E-9CAE-4408D5F8EABC}.Debug|Any CPU.ActiveCfg = Debug|Any CPU
		{17107785-5F17-4C2E-9CAE-4408D5F8EABC}.Debug|Any CPU.Build.0 = Debug|Any CPU
		{17107785-5F17-4C2E-9CAE-4408D5F8EABC}.Release|Any CPU.ActiveCfg = Release|Any CPU
		{17107785-5F17-4C2E-9CAE-4408D5F8EABC}.Release|Any CPU.Build.0 = Release|Any CPU
	EndGlobalSection
	GlobalSection(SolutionProperties) = preSolution
		HideSolutionNode = FALSE
	EndGlobalSection
	GlobalSection(ExtensibilityGlobals) = postSolution
		SolutionGuid = {1073C219-8CC4-4FB1-91DA-C38C0425FEC9}
	EndGlobalSection
EndGlobal
